<?xml version="1.0" encoding="utf-8"?>
<Project ToolsVersion="4.0" xmlns="http://schemas.microsoft.com/developer/msbuild/2003">
  <ItemGroup>
    <ClCompile Include="..\..\source\BackgroundNode.cpp" />
    <ClCompile Include="..\..\source\Button.cpp" />
    <ClCompile Include="..\..\source\ButtonNode.cpp" />
    <ClCompile Include="..\..\source\CollisionController.cpp" />
    <ClCompile Include="..\..\source\Cutscene.cpp" />
    <ClCompile Include="..\..\source\EnemyModel.cpp" />
    <ClCompile Include="..\..\source\EnemyNode.cpp" />
    <ClCompile Include="..\..\source\EnergyModel.cpp" />
    <ClCompile Include="..\..\source\EnergyNode.cpp" />
    <ClCompile Include="..\..\source\GameScene.cpp" />
    <ClCompile Include="..\..\source\InputController.cpp" />
    <ClCompile Include="..\..\source\LevelModel.cpp" />
    <ClCompile Include="..\..\source\LevelSelectScene.cpp" />
    <ClCompile Include="..\..\source\LevelSelectTile.cpp" />
    <ClCompile Include="..\..\source\LoadingScene.cpp" />
    <ClCompile Include="..\..\source\LumiaApp.cpp" />
    <ClCompile Include="..\..\source\LumiaModel.cpp" />
    <ClCompile Include="..\..\source\LumiaNode.cpp" />
    <ClCompile Include="..\..\source\main.cpp" />
    <ClCompile Include="..\..\source\MainMenuScene.cpp" />
    <ClCompile Include="..\..\source\PathFindingController.cpp" />
    <ClCompile Include="..\..\source\PauseScene.cpp" />
    <ClCompile Include="..\..\source\Plant.cpp" />
    <ClCompile Include="..\..\source\PlantNode.cpp" />
    <ClCompile Include="..\..\source\SettingsScene.cpp" />
    <ClCompile Include="..\..\source\ShrinkingDoor.cpp" />
    <ClCompile Include="..\..\source\ShrinkingDoorNode.cpp" />
    <ClCompile Include="..\..\source\SlidingDoor.cpp" />
    <ClCompile Include="..\..\source\SpikeModel.cpp" />
    <ClCompile Include="..\..\source\SpikeNode.cpp" />
    <ClCompile Include="..\..\source\StickyWallModel.cpp" />
    <ClCompile Include="..\..\source\StickyWallNode.cpp" />
    <ClCompile Include="..\..\source\TileDataModel.cpp" />
    <ClCompile Include="..\..\source\TileModel.cpp" />
    <ClCompile Include="..\..\source\TrajectoryNode.cpp" />
    <ClCompile Include="..\..\source\WinScene.cpp" />
  </ItemGroup>
  <ItemGroup>
    <ClInclude Include="..\..\source\BackgroundNode.h" />
    <ClInclude Include="..\..\source\Button.h" />
    <ClInclude Include="..\..\source\ButtonNode.h" />
    <ClInclude Include="..\..\source\CollisionController.h" />
    <ClInclude Include="..\..\source\Cutscene.h" />
    <ClInclude Include="..\..\source\EnemyModel.h" />
    <ClInclude Include="..\..\source\EnemyNode.h" />
    <ClInclude Include="..\..\source\EnergyModel.h" />
    <ClInclude Include="..\..\source\EnergyNode.h" />
    <ClInclude Include="..\..\source\GameScene.h" />
    <ClInclude Include="..\..\source\GraphNode.h" />
    <ClInclude Include="..\..\source\InputController.h" />
    <ClInclude Include="..\..\source\LevelModel.h" />
    <ClInclude Include="..\..\source\LevelSelectScene.h" />
    <ClInclude Include="..\..\source\LevelSelectTile.h" />
    <ClInclude Include="..\..\source\LoadingScene.h" />
    <ClInclude Include="..\..\source\LumiaApp.h" />
    <ClInclude Include="..\..\source\LumiaModel.h" />
    <ClInclude Include="..\..\source\LumiaNode.h" />
    <ClInclude Include="..\..\source\MainMenuScene.h" />
    <ClInclude Include="..\..\source\PathFindingController.h" />
    <ClInclude Include="..\..\source\PauseScene.h" />
    <ClInclude Include="..\..\source\Plant.h" />
    <ClInclude Include="..\..\source\PlantNode.h" />
    <ClInclude Include="..\..\source\SettingsScene.h" />
    <ClInclude Include="..\..\source\ShrinkingDoor.h" />
    <ClInclude Include="..\..\source\ShrinkingDoorNode.h" />
    <ClInclude Include="..\..\source\SlidingDoor.h" />
    <ClInclude Include="..\..\source\SpikeModel.h" />
    <ClInclude Include="..\..\source\SpikeNode.h" />
    <ClInclude Include="..\..\source\StickyWallModel.h" />
    <ClInclude Include="..\..\source\StickyWallNode.h" />
    <ClInclude Include="..\..\source\Tile.h" />
    <ClInclude Include="..\..\source\TileDataModel.h" />
    <ClInclude Include="..\..\source\TileModel.h" />
    <ClInclude Include="..\..\source\TrajectoryNode.h" />
    <ClInclude Include="..\..\source\Tutorial.h" />
    <ClInclude Include="..\..\source\WinScene.h" />
    <ClInclude Include="resource.h">
      <Filter>Header Files</Filter>
    </ClInclude>
  </ItemGroup>
  <ItemGroup>
    <Filter Include="Resource Files">
      <UniqueIdentifier>{58ce2fab-220e-41a1-9b4d-6ad5838cb0cc}</UniqueIdentifier>
    </Filter>
    <Filter Include="Header Files">
      <UniqueIdentifier>{6c10d799-a371-41a2-8443-71cfc1f659a1}</UniqueIdentifier>
    </Filter>
  </ItemGroup>
  <ItemGroup>
    <Image Include="icon1.ico">
      <Filter>Resource Files</Filter>
    </Image>
  </ItemGroup>
  <ItemGroup>
    <ResourceCompile Include="Lumia.rc">
      <Filter>Resource Files</Filter>
    </ResourceCompile>
  </ItemGroup>
</Project>